
Microsoft Visual Studio Solution File, Format Version 12.00
# Visual Studio Version 16
VisualStudioVersion = 16.0.29326.143
MinimumVisualStudioVersion = 10.0.40219.1
Project("{FAE04EC0-301F-11D3-BF4B-00C04F79EFBC}") = "SummaryBookApp", "SummaryBookApp.csproj", "{0EF68EF0-ECF8-4431-A591-3BC0F15646B3}"
EndProject
Global
	GlobalSection(SolutionConfigurationPlatforms) = preSolution
		Debug|Any CPU = Debug|Any CPU
		Release|Any CPU = Release|Any CPU
	EndGlobalSection
	GlobalSection(ProjectConfigurationPlatforms) = postSolution
		{0EF68EF0-ECF8-4431-A591-3BC0F15646B3}.Debug|Any CPU.ActiveCfg = Debug|Any CPU
		{0EF68EF0-ECF8-4431-A591-3BC0F15646B3}.Debug|Any CPU.Build.0 = Debug|Any CPU
		{0EF68EF0-ECF8-4431-A591-3BC0F15646B3}.Release|Any CPU.ActiveCfg = Release|Any CPU
		{0EF68EF0-ECF8-4431-A591-3BC0F15646B3}.Release|Any CPU.Build.0 = Release|Any CPU
	EndGlobalSection
	GlobalSection(SolutionProperties) = preSolution
		HideSolutionNode = FALSE
	EndGlobalSection
	GlobalSection(ExtensibilityGlobals) = postSolution
		SolutionGuid = {746DFCD5-686C-4D86-A744-BAFA986AC329}
	EndGlobalSection
EndGlobal
