
Microsoft Visual Studio Solution File, Format Version 12.00
# Visual Studio Version 16
VisualStudioVersion = 16.0.29326.143
MinimumVisualStudioVersion = 10.0.40219.1
Project("{FAE04EC0-301F-11D3-BF4B-00C04F79EFBC}") = "SummaryPublisherApp", "SummaryPublisherApp.csproj", "{6628327F-02FC-403A-B83F-C9907C9F0478}"
EndProject
Global
	GlobalSection(SolutionConfigurationPlatforms) = preSolution
		Debug|Any CPU = Debug|Any CPU
		Release|Any CPU = Release|Any CPU
	EndGlobalSection
	GlobalSection(ProjectConfigurationPlatforms) = postSolution
		{6628327F-02FC-403A-B83F-C9907C9F0478}.Debug|Any CPU.ActiveCfg = Debug|Any CPU
		{6628327F-02FC-403A-B83F-C9907C9F0478}.Debug|Any CPU.Build.0 = Debug|Any CPU
		{6628327F-02FC-403A-B83F-C9907C9F0478}.Release|Any CPU.ActiveCfg = Release|Any CPU
		{6628327F-02FC-403A-B83F-C9907C9F0478}.Release|Any CPU.Build.0 = Release|Any CPU
	EndGlobalSection
	GlobalSection(SolutionProperties) = preSolution
		HideSolutionNode = FALSE
	EndGlobalSection
	GlobalSection(ExtensibilityGlobals) = postSolution
		SolutionGuid = {059A637D-918A-40F0-98A2-8AABCF003C02}
	EndGlobalSection
EndGlobal
